
Microsoft Visual Studio Solution File, Format Version 12.00
# Visual Studio Version 17
VisualStudioVersion = 17.11.35327.3
MinimumVisualStudioVersion = 10.0.40219.1
Project("{9A19103F-16F7-4668-BE54-9A1E7A4F7556}") = "WorkshopMaster.Domain", "WorkshopMaster.Domain\WorkshopMaster.Domain.csproj", "{C93FCB5D-4BAA-4D97-9481-D0AB7353BD02}"
EndProject
Project("{9A19103F-16F7-4668-BE54-9A1E7A4F7556}") = "WorkshopMaster.Application", "WorkshopMaster.Application\WorkshopMaster.Application.csproj", "{1826E99F-F439-4A90-9434-E8594F96964C}"
EndProject
Project("{9A19103F-16F7-4668-BE54-9A1E7A4F7556}") = "WorkshopMaster.Infrastructure", "WorkshopMaster.Infrastructure\WorkshopMaster.Infrastructure.csproj", "{7730214B-A3EE-4BA9-90E5-6EC80B736BA7}"
EndProject
Project("{9A19103F-16F7-4668-BE54-9A1E7A4F7556}") = "WorkshopMaster.Api", "WorkshopMaster.Api\WorkshopMaster.Api.csproj", "{9CD6CF3F-1975-4DB2-9C6C-5198D17CA53D}"
EndProject
Project("{9A19103F-16F7-4668-BE54-9A1E7A4F7556}") = "WorkshopMaster.Tests", "WorkshopMaster.Tests\WorkshopMaster.Tests.csproj", "{E273211D-158E-438B-A9AF-DA10DD697321}"
EndProject
Global
	GlobalSection(SolutionConfigurationPlatforms) = preSolution
		Debug|Any CPU = Debug|Any CPU
		Debug|x64 = Debug|x64
		Debug|x86 = Debug|x86
		Release|Any CPU = Release|Any CPU
		Release|x64 = Release|x64
		Release|x86 = Release|x86
	EndGlobalSection
	GlobalSection(ProjectConfigurationPlatforms) = postSolution
		{C93FCB5D-4BAA-4D97-9481-D0AB7353BD02}.Debug|Any CPU.ActiveCfg = Debug|Any CPU
		{C93FCB5D-4BAA-4D97-9481-D0AB7353BD02}.Debug|Any CPU.Build.0 = Debug|Any CPU
		{C93FCB5D-4BAA-4D97-9481-D0AB7353BD02}.Debug|x64.ActiveCfg = Debug|Any CPU
		{C93FCB5D-4BAA-4D97-9481-D0AB7353BD02}.Debug|x64.Build.0 = Debug|Any CPU
		{C93FCB5D-4BAA-4D97-9481-D0AB7353BD02}.Debug|x86.ActiveCfg = Debug|Any CPU
		{C93FCB5D-4BAA-4D97-9481-D0AB7353BD02}.Debug|x86.Build.0 = Debug|Any CPU
		{C93FCB5D-4BAA-4D97-9481-D0AB7353BD02}.Release|Any CPU.ActiveCfg = Release|Any CPU
		{C93FCB5D-4BAA-4D97-9481-D0AB7353BD02}.Release|Any CPU.Build.0 = Release|Any CPU
		{C93FCB5D-4BAA-4D97-9481-D0AB7353BD02}.Release|x64.ActiveCfg = Release|Any CPU
		{C93FCB5D-4BAA-4D97-9481-D0AB7353BD02}.Release|x64.Build.0 = Release|Any CPU
		{C93FCB5D-4BAA-4D97-9481-D0AB7353BD02}.Release|x86.ActiveCfg = Release|Any CPU
		{C93FCB5D-4BAA-4D97-9481-D0AB7353BD02}.Release|x86.Build.0 = Release|Any CPU
		{1826E99F-F439-4A90-9434-E8594F96964C}.Debug|Any CPU.ActiveCfg = Debug|Any CPU
		{1826E99F-F439-4A90-9434-E8594F96964C}.Debug|Any CPU.Build.0 = Debug|Any CPU
		{1826E99F-F439-4A90-9434-E8594F96964C}.Debug|x64.ActiveCfg = Debug|Any CPU
		{1826E99F-F439-4A90-9434-E8594F96964C}.Debug|x64.Build.0 = Debug|Any CPU
		{1826E99F-F439-4A90-9434-E8594F96964C}.Debug|x86.ActiveCfg = Debug|Any CPU
		{1826E99F-F439-4A90-9434-E8594F96964C}.Debug|x86.Build.0 = Debug|Any CPU
		{1826E99F-F439-4A90-9434-E8594F96964C}.Release|Any CPU.ActiveCfg = Release|Any CPU
		{1826E99F-F439-4A90-9434-E8594F96964C}.Release|Any CPU.Build.0 = Release|Any CPU
		{1826E99F-F439-4A90-9434-E8594F96964C}.Release|x64.ActiveCfg = Release|Any CPU
		{1826E99F-F439-4A90-9434-E8594F96964C}.Release|x64.Build.0 = Release|Any CPU
		{1826E99F-F439-4A90-9434-E8594F96964C}.Release|x86.ActiveCfg = Release|Any CPU
		{1826E99F-F439-4A90-9434-E8594F96964C}.Release|x86.Build.0 = Release|Any CPU
		{7730214B-A3EE-4BA9-90E5-6EC80B736BA7}.Debug|Any CPU.ActiveCfg = Debug|Any CPU
		{7730214B-A3EE-4BA9-90E5-6EC80B736BA7}.Debug|Any CPU.Build.0 = Debug|Any CPU
		{7730214B-A3EE-4BA9-90E5-6EC80B736BA7}.Debug|x64.ActiveCfg = Debug|Any CPU
		{7730214B-A3EE-4BA9-90E5-6EC80B736BA7}.Debug|x64.Build.0 = Debug|Any CPU
		{7730214B-A3EE-4BA9-90E5-6EC80B736BA7}.Debug|x86.ActiveCfg = Debug|Any CPU
		{7730214B-A3EE-4BA9-90E5-6EC80B736BA7}.Debug|x86.Build.0 = Debug|Any CPU
		{7730214B-A3EE-4BA9-90E5-6EC80B736BA7}.Release|Any CPU.ActiveCfg = Release|Any CPU
		{7730214B-A3EE-4BA9-90E5-6EC80B736BA7}.Release|Any CPU.Build.0 = Release|Any CPU
		{7730214B-A3EE-4BA9-90E5-6EC80B736BA7}.Release|x64.ActiveCfg = Release|Any CPU
		{7730214B-A3EE-4BA9-90E5-6EC80B736BA7}.Release|x64.Build.0 = Release|Any CPU
		{7730214B-A3EE-4BA9-90E5-6EC80B736BA7}.Release|x86.ActiveCfg = Release|Any CPU
		{7730214B-A3EE-4BA9-90E5-6EC80B736BA7}.Release|x86.Build.0 = Release|Any CPU
		{9CD6CF3F-1975-4DB2-9C6C-5198D17CA53D}.Debug|Any CPU.ActiveCfg = Debug|Any CPU
		{9CD6CF3F-1975-4DB2-9C6C-5198D17CA53D}.Debug|Any CPU.Build.0 = Debug|Any CPU
		{9CD6CF3F-1975-4DB2-9C6C-5198D17CA53D}.Debug|x64.ActiveCfg = Debug|Any CPU
		{9CD6CF3F-1975-4DB2-9C6C-5198D17CA53D}.Debug|x64.Build.0 = Debug|Any CPU
		{9CD6CF3F-1975-4DB2-9C6C-5198D17CA53D}.Debug|x86.ActiveCfg = Debug|Any CPU
		{9CD6CF3F-1975-4DB2-9C6C-5198D17CA53D}.Debug|x86.Build.0 = Debug|Any CPU
		{9CD6CF3F-1975-4DB2-9C6C-5198D17CA53D}.Release|Any CPU.ActiveCfg = Release|Any CPU
		{9CD6CF3F-1975-4DB2-9C6C-5198D17CA53D}.Release|Any CPU.Build.0 = Release|Any CPU
		{9CD6CF3F-1975-4DB2-9C6C-5198D17CA53D}.Release|x64.ActiveCfg = Release|Any CPU
		{9CD6CF3F-1975-4DB2-9C6C-5198D17CA53D}.Release|x64.Build.0 = Release|Any CPU
		{9CD6CF3F-1975-4DB2-9C6C-5198D17CA53D}.Release|x86.ActiveCfg = Release|Any CPU
		{9CD6CF3F-1975-4DB2-9C6C-5198D17CA53D}.Release|x86.Build.0 = Release|Any CPU
		{E273211D-158E-438B-A9AF-DA10DD697321}.Debug|Any CPU.ActiveCfg = Debug|Any CPU
		{E273211D-158E-438B-A9AF-DA10DD697321}.Debug|Any CPU.Build.0 = Debug|Any CPU
		{E273211D-158E-438B-A9AF-DA10DD697321}.Debug|x64.ActiveCfg = Debug|Any CPU
		{E273211D-158E-438B-A9AF-DA10DD697321}.Debug|x64.Build.0 = Debug|Any CPU
		{E273211D-158E-438B-A9AF-DA10DD697321}.Debug|x86.ActiveCfg = Debug|Any CPU
		{E273211D-158E-438B-A9AF-DA10DD697321}.Debug|x86.Build.0 = Debug|Any CPU
		{E273211D-158E-438B-A9AF-DA10DD697321}.Release|Any CPU.ActiveCfg = Release|Any CPU
		{E273211D-158E-438B-A9AF-DA10DD697321}.Release|Any CPU.Build.0 = Release|Any CPU
		{E273211D-158E-438B-A9AF-DA10DD697321}.Release|x64.ActiveCfg = Release|Any CPU
		{E273211D-158E-438B-A9AF-DA10DD697321}.Release|x64.Build.0 = Release|Any CPU
		{E273211D-158E-438B-A9AF-DA10DD697321}.Release|x86.ActiveCfg = Release|Any CPU
		{E273211D-158E-438B-A9AF-DA10DD697321}.Release|x86.Build.0 = Release|Any CPU
	EndGlobalSection
	GlobalSection(SolutionProperties) = preSolution
		HideSolutionNode = FALSE
	EndGlobalSection
	GlobalSection(ExtensibilityGlobals) = postSolution
		SolutionGuid = {841C5DAA-E187-4BCF-98E2-C5E91DBB116B}
	EndGlobalSection
EndGlobal
